// !$*UTF8*$!
{
	archiveVersion = 1;
	classes = {
	};
	objectVersion = 48;
	objects = {

/* Begin PBXBuildFile section */
		103B6609CFE9AAF2139BBD3E /* Pods_ParseChatUITests.framework in Frameworks */ = {isa = PBXBuildFile; fileRef = 1FFD92B745298081F614445A /* Pods_ParseChatUITests.framework */; };
		164A4B4F2807E3994431731C /* Pods_ParseChatTests.framework in Frameworks */ = {isa = PBXBuildFile; fileRef = 628020AA82DA45FC5B448DE3 /* Pods_ParseChatTests.framework */; };
		281DDE9D2043C83000BBD8DD /* AppDelegate.swift in Sources */ = {isa = PBXBuildFile; fileRef = 281DDE9C2043C83000BBD8DD /* AppDelegate.swift */; };
		281DDEA22043C83000BBD8DD /* Main.storyboard in Resources */ = {isa = PBXBuildFile; fileRef = 281DDEA02043C83000BBD8DD /* Main.storyboard */; };
		281DDEA42043C83000BBD8DD /* Assets.xcassets in Resources */ = {isa = PBXBuildFile; fileRef = 281DDEA32043C83000BBD8DD /* Assets.xcassets */; };
		281DDEA72043C83000BBD8DD /* LaunchScreen.storyboard in Resources */ = {isa = PBXBuildFile; fileRef = 281DDEA52043C83000BBD8DD /* LaunchScreen.storyboard */; };
		281DDEB22043C83000BBD8DD /* ParseChatTests.swift in Sources */ = {isa = PBXBuildFile; fileRef = 281DDEB12043C83000BBD8DD /* ParseChatTests.swift */; };
		281DDEBD2043C83000BBD8DD /* ParseChatUITests.swift in Sources */ = {isa = PBXBuildFile; fileRef = 281DDEBC2043C83000BBD8DD /* ParseChatUITests.swift */; };
		281DDECB2043C8BB00BBD8DD /* LoginViewController.swift in Sources */ = {isa = PBXBuildFile; fileRef = 281DDECA2043C8BB00BBD8DD /* LoginViewController.swift */; };
		281DDECE2043D0EB00BBD8DD /* ChatViewController.swift in Sources */ = {isa = PBXBuildFile; fileRef = 281DDECD2043D0EB00BBD8DD /* ChatViewController.swift */; };
		281DDED02043D3AA00BBD8DD /* ChatCell.swift in Sources */ = {isa = PBXBuildFile; fileRef = 281DDECF2043D3AA00BBD8DD /* ChatCell.swift */; };
		A906E8EC52662C854DEB8FB7 /* Pods_ParseChat.framework in Frameworks */ = {isa = PBXBuildFile; fileRef = A27B5CD23C6CA65C98063D4F /* Pods_ParseChat.framework */; };
/* End PBXBuildFile section */

/* Begin PBXContainerItemProxy section */
		281DDEAE2043C83000BBD8DD /* PBXContainerItemProxy */ = {
			isa = PBXContainerItemProxy;
			containerPortal = 281DDE912043C83000BBD8DD /* Project object */;
			proxyType = 1;
			remoteGlobalIDString = 281DDE982043C83000BBD8DD;
			remoteInfo = ParseChat;
		};
		281DDEB92043C83000BBD8DD /* PBXContainerItemProxy */ = {
			isa = PBXContainerItemProxy;
			containerPortal = 281DDE912043C83000BBD8DD /* Project object */;
			proxyType = 1;
			remoteGlobalIDString = 281DDE982043C83000BBD8DD;
			remoteInfo = ParseChat;
		};
/* End PBXContainerItemProxy section */

/* Begin PBXFileReference section */
		1FFD92B745298081F614445A /* Pods_ParseChatUITests.framework */ = {isa = PBXFileReference; explicitFileType = wrapper.framework; includeInIndex = 0; path = Pods_ParseChatUITests.framework; sourceTree = BUILT_PRODUCTS_DIR; };
		281DDE992043C83000BBD8DD /* ParseChat.app */ = {isa = PBXFileReference; explicitFileType = wrapper.application; includeInIndex = 0; path = ParseChat.app; sourceTree = BUILT_PRODUCTS_DIR; };
		281DDE9C2043C83000BBD8DD /* AppDelegate.swift */ = {isa = PBXFileReference; lastKnownFileType = sourcecode.swift; path = AppDelegate.swift; sourceTree = "<group>"; };
		281DDEA12043C83000BBD8DD /* Base */ = {isa = PBXFileReference; lastKnownFileType = file.storyboard; name = Base; path = Base.lproj/Main.storyboard; sourceTree = "<group>"; };
		281DDEA32043C83000BBD8DD /* Assets.xcassets */ = {isa = PBXFileReference; lastKnownFileType = folder.assetcatalog; path = Assets.xcassets; sourceTree = "<group>"; };
		281DDEA62043C83000BBD8DD /* Base */ = {isa = PBXFileReference; lastKnownFileType = file.storyboard; name = Base; path = Base.lproj/LaunchScreen.storyboard; sourceTree = "<group>"; };
		281DDEA82043C83000BBD8DD /* Info.plist */ = {isa = PBXFileReference; lastKnownFileType = text.plist.xml; path = Info.plist; sourceTree = "<group>"; };
		281DDEAD2043C83000BBD8DD /* ParseChatTests.xctest */ = {isa = PBXFileReference; explicitFileType = wrapper.cfbundle; includeInIndex = 0; path = ParseChatTests.xctest; sourceTree = BUILT_PRODUCTS_DIR; };
		281DDEB12043C83000BBD8DD /* ParseChatTests.swift */ = {isa = PBXFileReference; lastKnownFileType = sourcecode.swift; path = ParseChatTests.swift; sourceTree = "<group>"; };
		281DDEB32043C83000BBD8DD /* Info.plist */ = {isa = PBXFileReference; lastKnownFileType = text.plist.xml; path = Info.plist; sourceTree = "<group>"; };
		281DDEB82043C83000BBD8DD /* ParseChatUITests.xctest */ = {isa = PBXFileReference; explicitFileType = wrapper.cfbundle; includeInIndex = 0; path = ParseChatUITests.xctest; sourceTree = BUILT_PRODUCTS_DIR; };
		281DDEBC2043C83000BBD8DD /* ParseChatUITests.swift */ = {isa = PBXFileReference; lastKnownFileType = sourcecode.swift; path = ParseChatUITests.swift; sourceTree = "<group>"; };
		281DDEBE2043C83000BBD8DD /* Info.plist */ = {isa = PBXFileReference; lastKnownFileType = text.plist.xml; path = Info.plist; sourceTree = "<group>"; };
		281DDECA2043C8BB00BBD8DD /* LoginViewController.swift */ = {isa = PBXFileReference; lastKnownFileType = sourcecode.swift; path = LoginViewController.swift; sourceTree = "<group>"; };
		281DDECD2043D0EB00BBD8DD /* ChatViewController.swift */ = {isa = PBXFileReference; lastKnownFileType = sourcecode.swift; path = ChatViewController.swift; sourceTree = "<group>"; };
		281DDECF2043D3AA00BBD8DD /* ChatCell.swift */ = {isa = PBXFileReference; lastKnownFileType = sourcecode.swift; path = ChatCell.swift; sourceTree = "<group>"; };
		572496599D8A788722718B75 /* Pods-ParseChatUITests.debug.xcconfig */ = {isa = PBXFileReference; includeInIndex = 1; lastKnownFileType = text.xcconfig; name = "Pods-ParseChatUITests.debug.xcconfig"; path = "Pods/Target Support Files/Pods-ParseChatUITests/Pods-ParseChatUITests.debug.xcconfig"; sourceTree = "<group>"; };
		628020AA82DA45FC5B448DE3 /* Pods_ParseChatTests.framework */ = {isa = PBXFileReference; explicitFileType = wrapper.framework; includeInIndex = 0; path = Pods_ParseChatTests.framework; sourceTree = BUILT_PRODUCTS_DIR; };
		8232C6DA5D95B7FBA0FA6714 /* Pods-ParseChatTests.debug.xcconfig */ = {isa = PBXFileReference; includeInIndex = 1; lastKnownFileType = text.xcconfig; name = "Pods-ParseChatTests.debug.xcconfig"; path = "Pods/Target Support Files/Pods-ParseChatTests/Pods-ParseChatTests.debug.xcconfig"; sourceTree = "<group>"; };
		8BC7D307839AE50919127137 /* Pods-ParseChat.debug.xcconfig */ = {isa = PBXFileReference; includeInIndex = 1; lastKnownFileType = text.xcconfig; name = "Pods-ParseChat.debug.xcconfig"; path = "Pods/Target Support Files/Pods-ParseChat/Pods-ParseChat.debug.xcconfig"; sourceTree = "<group>"; };
		A27B5CD23C6CA65C98063D4F /* Pods_ParseChat.framework */ = {isa = PBXFileReference; explicitFileType = wrapper.framework; includeInIndex = 0; path = Pods_ParseChat.framework; sourceTree = BUILT_PRODUCTS_DIR; };
		EFD0D2221149F638C483EF88 /* Pods-ParseChatTests.release.xcconfig */ = {isa = PBXFileReference; includeInIndex = 1; lastKnownFileType = text.xcconfig; name = "Pods-ParseChatTests.release.xcconfig"; path = "Pods/Target Support Files/Pods-ParseChatTests/Pods-ParseChatTests.release.xcconfig"; sourceTree = "<group>"; };
		F6A61CB426A223CEC218E235 /* Pods-ParseChatUITests.release.xcconfig */ = {isa = PBXFileReference; includeInIndex = 1; lastKnownFileType = text.xcconfig; name = "Pods-ParseChatUITests.release.xcconfig"; path = "Pods/Target Support Files/Pods-ParseChatUITests/Pods-ParseChatUITests.release.xcconfig"; sourceTree = "<group>"; };
		F762E6C3B1310B96C4A2DE05 /* Pods-ParseChat.release.xcconfig */ = {isa = PBXFileReference; includeInIndex = 1; lastKnownFileType = text.xcconfig; name = "Pods-ParseChat.release.xcconfig"; path = "Pods/Target Support Files/Pods-ParseChat/Pods-ParseChat.release.xcconfig"; sourceTree = "<group>"; };
/* End PBXFileReference section */

/* Begin PBXFrameworksBuildPhase section */
		281DDE962043C83000BBD8DD /* Frameworks */ = {
			isa = PBXFrameworksBuildPhase;
			buildActionMask = 2147483647;
			files = (
				A906E8EC52662C854DEB8FB7 /* Pods_ParseChat.framework in Frameworks */,
			);
			runOnlyForDeploymentPostprocessing = 0;
		};
		281DDEAA2043C83000BBD8DD /* Frameworks */ = {
			isa = PBXFrameworksBuildPhase;
			buildActionMask = 2147483647;
			files = (
				164A4B4F2807E3994431731C /* Pods_ParseChatTests.framework in Frameworks */,
			);
			runOnlyForDeploymentPostprocessing = 0;
		};
		281DDEB52043C83000BBD8DD /* Frameworks */ = {
			isa = PBXFrameworksBuildPhase;
			buildActionMask = 2147483647;
			files = (
				103B6609CFE9AAF2139BBD3E /* Pods_ParseChatUITests.framework in Frameworks */,
			);
			runOnlyForDeploymentPostprocessing = 0;
		};
/* End PBXFrameworksBuildPhase section */

/* Begin PBXGroup section */
		281DDE902043C83000BBD8DD = {
			isa = PBXGroup;
			children = (
				281DDE9B2043C83000BBD8DD /* ParseChat */,
				281DDEB02043C83000BBD8DD /* ParseChatTests */,
				281DDEBB2043C83000BBD8DD /* ParseChatUITests */,
				281DDE9A2043C83000BBD8DD /* Products */,
				F46F9C549ABDF03F8316A834 /* Pods */,
				B7331FAC31C9BA10BC014794 /* Frameworks */,
			);
			sourceTree = "<group>";
		};
		281DDE9A2043C83000BBD8DD /* Products */ = {
			isa = PBXGroup;
			children = (
				281DDE992043C83000BBD8DD /* ParseChat.app */,
				281DDEAD2043C83000BBD8DD /* ParseChatTests.xctest */,
				281DDEB82043C83000BBD8DD /* ParseChatUITests.xctest */,
			);
			name = Products;
			sourceTree = "<group>";
		};
		281DDE9B2043C83000BBD8DD /* ParseChat */ = {
			isa = PBXGroup;
			children = (
				281DDECC2043C8C100BBD8DD /* ViewControllers */,
				281DDE9C2043C83000BBD8DD /* AppDelegate.swift */,
				281DDEA02043C83000BBD8DD /* Main.storyboard */,
				281DDEA32043C83000BBD8DD /* Assets.xcassets */,
				281DDEA52043C83000BBD8DD /* LaunchScreen.storyboard */,
				281DDEA82043C83000BBD8DD /* Info.plist */,
				281DDECF2043D3AA00BBD8DD /* ChatCell.swift */,
			);
			path = ParseChat;
			sourceTree = "<group>";
		};
		281DDEB02043C83000BBD8DD /* ParseChatTests */ = {
			isa = PBXGroup;
			children = (
				281DDEB12043C83000BBD8DD /* ParseChatTests.swift */,
				281DDEB32043C83000BBD8DD /* Info.plist */,
			);
			path = ParseChatTests;
			sourceTree = "<group>";
		};
		281DDEBB2043C83000BBD8DD /* ParseChatUITests */ = {
			isa = PBXGroup;
			children = (
				281DDEBC2043C83000BBD8DD /* ParseChatUITests.swift */,
				281DDEBE2043C83000BBD8DD /* Info.plist */,
			);
			path = ParseChatUITests;
			sourceTree = "<group>";
		};
		281DDECC2043C8C100BBD8DD /* ViewControllers */ = {
			isa = PBXGroup;
			children = (
				281DDECA2043C8BB00BBD8DD /* LoginViewController.swift */,
				281DDECD2043D0EB00BBD8DD /* ChatViewController.swift */,
			);
			path = ViewControllers;
			sourceTree = "<group>";
		};
		B7331FAC31C9BA10BC014794 /* Frameworks */ = {
			isa = PBXGroup;
			children = (
				A27B5CD23C6CA65C98063D4F /* Pods_ParseChat.framework */,
				628020AA82DA45FC5B448DE3 /* Pods_ParseChatTests.framework */,
				1FFD92B745298081F614445A /* Pods_ParseChatUITests.framework */,
			);
			name = Frameworks;
			sourceTree = "<group>";
		};
		F46F9C549ABDF03F8316A834 /* Pods */ = {
			isa = PBXGroup;
			children = (
				8BC7D307839AE50919127137 /* Pods-ParseChat.debug.xcconfig */,
				F762E6C3B1310B96C4A2DE05 /* Pods-ParseChat.release.xcconfig */,
				8232C6DA5D95B7FBA0FA6714 /* Pods-ParseChatTests.debug.xcconfig */,
				EFD0D2221149F638C483EF88 /* Pods-ParseChatTests.release.xcconfig */,
				572496599D8A788722718B75 /* Pods-ParseChatUITests.debug.xcconfig */,
				F6A61CB426A223CEC218E235 /* Pods-ParseChatUITests.release.xcconfig */,
			);
			name = Pods;
			sourceTree = "<group>";
		};
/* End PBXGroup section */

/* Begin PBXNativeTarget section */
		281DDE982043C83000BBD8DD /* ParseChat */ = {
			isa = PBXNativeTarget;
			buildConfigurationList = 281DDEC12043C83000BBD8DD /* Build configuration list for PBXNativeTarget "ParseChat" */;
			buildPhases = (
				293DC3CA18919B58EE4366D2 /* [CP] Check Pods Manifest.lock */,
				281DDE952043C83000BBD8DD /* Sources */,
				281DDE962043C83000BBD8DD /* Frameworks */,
				281DDE972043C83000BBD8DD /* Resources */,
				DA839FC81D4205E395940CFC /* [CP] Embed Pods Frameworks */,
				85B0C6EA462FB29CDBD8A7DC /* [CP] Copy Pods Resources */,
			);
			buildRules = (
			);
			dependencies = (
			);
			name = ParseChat;
			productName = ParseChat;
			productReference = 281DDE992043C83000BBD8DD /* ParseChat.app */;
			productType = "com.apple.product-type.application";
		};
		281DDEAC2043C83000BBD8DD /* ParseChatTests */ = {
			isa = PBXNativeTarget;
			buildConfigurationList = 281DDEC42043C83000BBD8DD /* Build configuration list for PBXNativeTarget "ParseChatTests" */;
			buildPhases = (
				F4F1A2C08B2CE6CCB1EAA4BC /* [CP] Check Pods Manifest.lock */,
				281DDEA92043C83000BBD8DD /* Sources */,
				281DDEAA2043C83000BBD8DD /* Frameworks */,
				281DDEAB2043C83000BBD8DD /* Resources */,
				3AFA5B5F35DEDA61DF207654 /* [CP] Embed Pods Frameworks */,
				CAAD18AEDCFA83C8C2177055 /* [CP] Copy Pods Resources */,
			);
			buildRules = (
			);
			dependencies = (
				281DDEAF2043C83000BBD8DD /* PBXTargetDependency */,
			);
			name = ParseChatTests;
			productName = ParseChatTests;
			productReference = 281DDEAD2043C83000BBD8DD /* ParseChatTests.xctest */;
			productType = "com.apple.product-type.bundle.unit-test";
		};
		281DDEB72043C83000BBD8DD /* ParseChatUITests */ = {
			isa = PBXNativeTarget;
			buildConfigurationList = 281DDEC72043C83000BBD8DD /* Build configuration list for PBXNativeTarget "ParseChatUITests" */;
			buildPhases = (
				C7BE83507B76D9433454DB18 /* [CP] Check Pods Manifest.lock */,
				281DDEB42043C83000BBD8DD /* Sources */,
				281DDEB52043C83000BBD8DD /* Frameworks */,
				281DDEB62043C83000BBD8DD /* Resources */,
				472C5C0371EC58D041D84B07 /* [CP] Embed Pods Frameworks */,
				A9186F4F2EF4B89A1BD312EA /* [CP] Copy Pods Resources */,
			);
			buildRules = (
			);
			dependencies = (
				281DDEBA2043C83000BBD8DD /* PBXTargetDependency */,
			);
			name = ParseChatUITests;
			productName = ParseChatUITests;
			productReference = 281DDEB82043C83000BBD8DD /* ParseChatUITests.xctest */;
			productType = "com.apple.product-type.bundle.ui-testing";
		};
/* End PBXNativeTarget section */

/* Begin PBXProject section */
		281DDE912043C83000BBD8DD /* Project object */ = {
			isa = PBXProject;
			attributes = {
				LastSwiftUpdateCheck = 0920;
				LastUpgradeCheck = 0920;
				ORGANIZATIONNAME = "Nicole Hipolito";
				TargetAttributes = {
					281DDE982043C83000BBD8DD = {
						CreatedOnToolsVersion = 9.2;
						ProvisioningStyle = Automatic;
					};
					281DDEAC2043C83000BBD8DD = {
						CreatedOnToolsVersion = 9.2;
						ProvisioningStyle = Automatic;
						TestTargetID = 281DDE982043C83000BBD8DD;
					};
					281DDEB72043C83000BBD8DD = {
						CreatedOnToolsVersion = 9.2;
						ProvisioningStyle = Automatic;
						TestTargetID = 281DDE982043C83000BBD8DD;
					};
				};
			};
			buildConfigurationList = 281DDE942043C83000BBD8DD /* Build configuration list for PBXProject "ParseChat" */;
			compatibilityVersion = "Xcode 8.0";
			developmentRegion = en;
			hasScannedForEncodings = 0;
			knownRegions = (
				en,
				Base,
			);
			mainGroup = 281DDE902043C83000BBD8DD;
			productRefGroup = 281DDE9A2043C83000BBD8DD /* Products */;
			projectDirPath = "";
			projectRoot = "";
			targets = (
				281DDE982043C83000BBD8DD /* ParseChat */,
				281DDEAC2043C83000BBD8DD /* ParseChatTests */,
				281DDEB72043C83000BBD8DD /* ParseChatUITests */,
			);
		};
/* End PBXProject section */

/* Begin PBXResourcesBuildPhase section */
		281DDE972043C83000BBD8DD /* Resources */ = {
			isa = PBXResourcesBuildPhase;
			buildActionMask = 2147483647;
			files = (
				281DDEA72043C83000BBD8DD /* LaunchScreen.storyboard in Resources */,
				281DDEA42043C83000BBD8DD /* Assets.xcassets in Resources */,
				281DDEA22043C83000BBD8DD /* Main.storyboard in Resources */,
			);
			runOnlyForDeploymentPostprocessing = 0;
		};
		281DDEAB2043C83000BBD8DD /* Resources */ = {
			isa = PBXResourcesBuildPhase;
			buildActionMask = 2147483647;
			files = (
			);
			runOnlyForDeploymentPostprocessing = 0;
		};
		281DDEB62043C83000BBD8DD /* Resources */ = {
			isa = PBXResourcesBuildPhase;
			buildActionMask = 2147483647;
			files = (
			);
			runOnlyForDeploymentPostprocessing = 0;
		};
/* End PBXResourcesBuildPhase section */

/* Begin PBXShellScriptBuildPhase section */
		293DC3CA18919B58EE4366D2 /* [CP] Check Pods Manifest.lock */ = {
			isa = PBXShellScriptBuildPhase;
			buildActionMask = 2147483647;
			files = (
			);
			inputPaths = (
				"${PODS_PODFILE_DIR_PATH}/Podfile.lock",
				"${PODS_ROOT}/Manifest.lock",
			);
			name = "[CP] Check Pods Manifest.lock";
			outputPaths = (
				"$(DERIVED_FILE_DIR)/Pods-ParseChat-checkManifestLockResult.txt",
			);
			runOnlyForDeploymentPostprocessing = 0;
			shellPath = /bin/sh;
			shellScript = "diff \"${PODS_PODFILE_DIR_PATH}/Podfile.lock\" \"${PODS_ROOT}/Manifest.lock\" > /dev/null\nif [ $? != 0 ] ; then\n    # print error to STDERR\n    echo \"error: The sandbox is not in sync with the Podfile.lock. Run 'pod install' or update your CocoaPods installation.\" >&2\n    exit 1\nfi\n# This output is used by Xcode 'outputs' to avoid re-running this script phase.\necho \"SUCCESS\" > \"${SCRIPT_OUTPUT_FILE_0}\"\n";
			showEnvVarsInLog = 0;
		};
		3AFA5B5F35DEDA61DF207654 /* [CP] Embed Pods Frameworks */ = {
			isa = PBXShellScriptBuildPhase;
			buildActionMask = 2147483647;
			files = (
			);
			inputPaths = (
			);
			name = "[CP] Embed Pods Frameworks";
			outputPaths = (
			);
			runOnlyForDeploymentPostprocessing = 0;
			shellPath = /bin/sh;
			shellScript = "\"${SRCROOT}/Pods/Target Support Files/Pods-ParseChatTests/Pods-ParseChatTests-frameworks.sh\"\n";
			showEnvVarsInLog = 0;
		};
		472C5C0371EC58D041D84B07 /* [CP] Embed Pods Frameworks */ = {
			isa = PBXShellScriptBuildPhase;
			buildActionMask = 2147483647;
			files = (
			);
			inputPaths = (
			);
			name = "[CP] Embed Pods Frameworks";
			outputPaths = (
			);
			runOnlyForDeploymentPostprocessing = 0;
			shellPath = /bin/sh;
			shellScript = "\"${SRCROOT}/Pods/Target Support Files/Pods-ParseChatUITests/Pods-ParseChatUITests-frameworks.sh\"\n";
			showEnvVarsInLog = 0;
		};
		85B0C6EA462FB29CDBD8A7DC /* [CP] Copy Pods Resources */ = {
			isa = PBXShellScriptBuildPhase;
			buildActionMask = 2147483647;
			files = (
			);
			inputPaths = (
			);
			name = "[CP] Copy Pods Resources";
			outputPaths = (
			);
			runOnlyForDeploymentPostprocessing = 0;
			shellPath = /bin/sh;
			shellScript = "\"${SRCROOT}/Pods/Target Support Files/Pods-ParseChat/Pods-ParseChat-resources.sh\"\n";
			showEnvVarsInLog = 0;
		};
		A9186F4F2EF4B89A1BD312EA /* [CP] Copy Pods Resources */ = {
			isa = PBXShellScriptBuildPhase;
			buildActionMask = 2147483647;
			files = (
			);
			inputPaths = (
			);
			name = "[CP] Copy Pods Resources";
			outputPaths = (
			);
			runOnlyForDeploymentPostprocessing = 0;
			shellPath = /bin/sh;
			shellScript = "\"${SRCROOT}/Pods/Target Support Files/Pods-ParseChatUITests/Pods-ParseChatUITests-resources.sh\"\n";
			showEnvVarsInLog = 0;
		};
		C7BE83507B76D9433454DB18 /* [CP] Check Pods Manifest.lock */ = {
			isa = PBXShellScriptBuildPhase;
			buildActionMask = 2147483647;
			files = (
			);
			inputPaths = (
				"${PODS_PODFILE_DIR_PATH}/Podfile.lock",
				"${PODS_ROOT}/Manifest.lock",
			);
			name = "[CP] Check Pods Manifest.lock";
			outputPaths = (
				"$(DERIVED_FILE_DIR)/Pods-ParseChatUITests-checkManifestLockResult.txt",
			);
			runOnlyForDeploymentPostprocessing = 0;
			shellPath = /bin/sh;
			shellScript = "diff \"${PODS_PODFILE_DIR_PATH}/Podfile.lock\" \"${PODS_ROOT}/Manifest.lock\" > /dev/null\nif [ $? != 0 ] ; then\n    # print error to STDERR\n    echo \"error: The sandbox is not in sync with the Podfile.lock. Run 'pod install' or update your CocoaPods installation.\" >&2\n    exit 1\nfi\n# This output is used by Xcode 'outputs' to avoid re-running this script phase.\necho \"SUCCESS\" > \"${SCRIPT_OUTPUT_FILE_0}\"\n";
			showEnvVarsInLog = 0;
		};
		CAAD18AEDCFA83C8C2177055 /* [CP] Copy Pods Resources */ = {
			isa = PBXShellScriptBuildPhase;
			buildActionMask = 2147483647;
			files = (
			);
			inputPaths = (
			);
			name = "[CP] Copy Pods Resources";
			outputPaths = (
			);
			runOnlyForDeploymentPostprocessing = 0;
			shellPath = /bin/sh;
			shellScript = "\"${SRCROOT}/Pods/Target Support Files/Pods-ParseChatTests/Pods-ParseChatTests-resources.sh\"\n";
			showEnvVarsInLog = 0;
		};
		DA839FC81D4205E395940CFC /* [CP] Embed Pods Frameworks */ = {
			isa = PBXShellScriptBuildPhase;
			buildActionMask = 2147483647;
			files = (
			);
			inputPaths = (
				"${SRCROOT}/Pods/Target Support Files/Pods-ParseChat/Pods-ParseChat-frameworks.sh",
				"${BUILT_PRODUCTS_DIR}/Bolts/Bolts.framework",
				"${BUILT_PRODUCTS_DIR}/Parse/Parse.framework",
			);
			name = "[CP] Embed Pods Frameworks";
			outputPaths = (
				"${TARGET_BUILD_DIR}/${FRAMEWORKS_FOLDER_PATH}/Bolts.framework",
				"${TARGET_BUILD_DIR}/${FRAMEWORKS_FOLDER_PATH}/Parse.framework",
			);
			runOnlyForDeploymentPostprocessing = 0;
			shellPath = /bin/sh;
			shellScript = "\"${SRCROOT}/Pods/Target Support Files/Pods-ParseChat/Pods-ParseChat-frameworks.sh\"\n";
			showEnvVarsInLog = 0;
		};
		F4F1A2C08B2CE6CCB1EAA4BC /* [CP] Check Pods Manifest.lock */ = {
			isa = PBXShellScriptBuildPhase;
			buildActionMask = 2147483647;
			files = (
			);
			inputPaths = (
				"${PODS_PODFILE_DIR_PATH}/Podfile.lock",
				"${PODS_ROOT}/Manifest.lock",
			);
			name = "[CP] Check Pods Manifest.lock";
			outputPaths = (
				"$(DERIVED_FILE_DIR)/Pods-ParseChatTests-checkManifestLockResult.txt",
			);
			runOnlyForDeploymentPostprocessing = 0;
			shellPath = /bin/sh;
			shellScript = "diff \"${PODS_PODFILE_DIR_PATH}/Podfile.lock\" \"${PODS_ROOT}/Manifest.lock\" > /dev/null\nif [ $? != 0 ] ; then\n    # print error to STDERR\n    echo \"error: The sandbox is not in sync with the Podfile.lock. Run 'pod install' or update your CocoaPods installation.\" >&2\n    exit 1\nfi\n# This output is used by Xcode 'outputs' to avoid re-running this script phase.\necho \"SUCCESS\" > \"${SCRIPT_OUTPUT_FILE_0}\"\n";
			showEnvVarsInLog = 0;
		};
/* End PBXShellScriptBuildPhase section */

/* Begin PBXSourcesBuildPhase section */
		281DDE952043C83000BBD8DD /* Sources */ = {
			isa = PBXSourcesBuildPhase;
			buildActionMask = 2147483647;
			files = (
				281DDECB2043C8BB00BBD8DD /* LoginViewController.swift in Sources */,
				281DDED02043D3AA00BBD8DD /* ChatCell.swift in Sources */,
				281DDECE2043D0EB00BBD8DD /* ChatViewController.swift in Sources */,
				281DDE9D2043C83000BBD8DD /* AppDelegate.swift in Sources */,
			);
			runOnlyForDeploymentPostprocessing = 0;
		};
		281DDEA92043C83000BBD8DD /* Sources */ = {
			isa = PBXSourcesBuildPhase;
			buildActionMask = 2147483647;
			files = (
				281DDEB22043C83000BBD8DD /* ParseChatTests.swift in Sources */,
			);
			runOnlyForDeploymentPostprocessing = 0;
		};
		281DDEB42043C83000BBD8DD /* Sources */ = {
			isa = PBXSourcesBuildPhase;
			buildActionMask = 2147483647;
			files = (
				281DDEBD2043C83000BBD8DD /* ParseChatUITests.swift in Sources */,
			);
			runOnlyForDeploymentPostprocessing = 0;
		};
/* End PBXSourcesBuildPhase section */

/* Begin PBXTargetDependency section */
		281DDEAF2043C83000BBD8DD /* PBXTargetDependency */ = {
			isa = PBXTargetDependency;
			target = 281DDE982043C83000BBD8DD /* ParseChat */;
			targetProxy = 281DDEAE2043C83000BBD8DD /* PBXContainerItemProxy */;
		};
		281DDEBA2043C83000BBD8DD /* PBXTargetDependency */ = {
			isa = PBXTargetDependency;
			target = 281DDE982043C83000BBD8DD /* ParseChat */;
			targetProxy = 281DDEB92043C83000BBD8DD /* PBXContainerItemProxy */;
		};
/* End PBXTargetDependency section */

/* Begin PBXVariantGroup section */
		281DDEA02043C83000BBD8DD /* Main.storyboard */ = {
			isa = PBXVariantGroup;
			children = (
				281DDEA12043C83000BBD8DD /* Base */,
			);
			name = Main.storyboard;
			sourceTree = "<group>";
		};
		281DDEA52043C83000BBD8DD /* LaunchScreen.storyboard */ = {
			isa = PBXVariantGroup;
			children = (
				281DDEA62043C83000BBD8DD /* Base */,
			);
			name = LaunchScreen.storyboard;
			sourceTree = "<group>";
		};
/* End PBXVariantGroup section */

/* Begin XCBuildConfiguration section */
		281DDEBF2043C83000BBD8DD /* Debug */ = {
			isa = XCBuildConfiguration;
			buildSettings = {
				ALWAYS_SEARCH_USER_PATHS = NO;
				CLANG_ANALYZER_NONNULL = YES;
				CLANG_ANALYZER_NUMBER_OBJECT_CONVERSION = YES_AGGRESSIVE;
				CLANG_CXX_LANGUAGE_STANDARD = "gnu++14";
				CLANG_CXX_LIBRARY = "libc++";
				CLANG_ENABLE_MODULES = YES;
				CLANG_ENABLE_OBJC_ARC = YES;
				CLANG_WARN_BLOCK_CAPTURE_AUTORELEASING = YES;
				CLANG_WARN_BOOL_CONVERSION = YES;
				CLANG_WARN_COMMA = YES;
				CLANG_WARN_CONSTANT_CONVERSION = YES;
				CLANG_WARN_DIRECT_OBJC_ISA_USAGE = YES_ERROR;
				CLANG_WARN_DOCUMENTATION_COMMENTS = YES;
				CLANG_WARN_EMPTY_BODY = YES;
				CLANG_WARN_ENUM_CONVERSION = YES;
				CLANG_WARN_INFINITE_RECURSION = YES;
				CLANG_WARN_INT_CONVERSION = YES;
				CLANG_WARN_NON_LITERAL_NULL_CONVERSION = YES;
				CLANG_WARN_OBJC_LITERAL_CONVERSION = YES;
				CLANG_WARN_OBJC_ROOT_CLASS = YES_ERROR;
				CLANG_WARN_RANGE_LOOP_ANALYSIS = YES;
				CLANG_WARN_STRICT_PROTOTYPES = YES;
				CLANG_WARN_SUSPICIOUS_MOVE = YES;
				CLANG_WARN_UNGUARDED_AVAILABILITY = YES_AGGRESSIVE;
				CLANG_WARN_UNREACHABLE_CODE = YES;
				CLANG_WARN__DUPLICATE_METHOD_MATCH = YES;
				CODE_SIGN_IDENTITY = "iPhone Developer";
				COPY_PHASE_STRIP = NO;
				DEBUG_INFORMATION_FORMAT = dwarf;
				ENABLE_STRICT_OBJC_MSGSEND = YES;
				ENABLE_TESTABILITY = YES;
				GCC_C_LANGUAGE_STANDARD = gnu11;
				GCC_DYNAMIC_NO_PIC = NO;
				GCC_NO_COMMON_BLOCKS = YES;
				GCC_OPTIMIZATION_LEVEL = 0;
				GCC_PREPROCESSOR_DEFINITIONS = (
					"DEBUG=1",
					"$(inherited)",
				);
				GCC_WARN_64_TO_32_BIT_CONVERSION = YES;
				GCC_WARN_ABOUT_RETURN_TYPE = YES_ERROR;
				GCC_WARN_UNDECLARED_SELECTOR = YES;
				GCC_WARN_UNINITIALIZED_AUTOS = YES_AGGRESSIVE;
				GCC_WARN_UNUSED_FUNCTION = YES;
				GCC_WARN_UNUSED_VARIABLE = YES;
				IPHONEOS_DEPLOYMENT_TARGET = 11.2;
				MTL_ENABLE_DEBUG_INFO = YES;
				ONLY_ACTIVE_ARCH = YES;
				SDKROOT = iphoneos;
				SWIFT_ACTIVE_COMPILATION_CONDITIONS = DEBUG;
				SWIFT_OPTIMIZATION_LEVEL = "-Onone";
			};
			name = Debug;
		};
		281DDEC02043C83000BBD8DD /* Release */ = {
			isa = XCBuildConfiguration;
			buildSettings = {
				ALWAYS_SEARCH_USER_PATHS = NO;
				CLANG_ANALYZER_NONNULL = YES;
				CLANG_ANALYZER_NUMBER_OBJECT_CONVERSION = YES_AGGRESSIVE;
				CLANG_CXX_LANGUAGE_STANDARD = "gnu++14";
				CLANG_CXX_LIBRARY = "libc++";
				CLANG_ENABLE_MODULES = YES;
				CLANG_ENABLE_OBJC_ARC = YES;
				CLANG_WARN_BLOCK_CAPTURE_AUTORELEASING = YES;
				CLANG_WARN_BOOL_CONVERSION = YES;
				CLANG_WARN_COMMA = YES;
				CLANG_WARN_CONSTANT_CONVERSION = YES;
				CLANG_WARN_DIRECT_OBJC_ISA_USAGE = YES_ERROR;
				CLANG_WARN_DOCUMENTATION_COMMENTS = YES;
				CLANG_WARN_EMPTY_BODY = YES;
				CLANG_WARN_ENUM_CONVERSION = YES;
				CLANG_WARN_INFINITE_RECURSION = YES;
				CLANG_WARN_INT_CONVERSION = YES;
				CLANG_WARN_NON_LITERAL_NULL_CONVERSION = YES;
				CLANG_WARN_OBJC_LITERAL_CONVERSION = YES;
				CLANG_WARN_OBJC_ROOT_CLASS = YES_ERROR;
				CLANG_WARN_RANGE_LOOP_ANALYSIS = YES;
				CLANG_WARN_STRICT_PROTOTYPES = YES;
				CLANG_WARN_SUSPICIOUS_MOVE = YES;
				CLANG_WARN_UNGUARDED_AVAILABILITY = YES_AGGRESSIVE;
				CLANG_WARN_UNREACHABLE_CODE = YES;
				CLANG_WARN__DUPLICATE_METHOD_MATCH = YES;
				CODE_SIGN_IDENTITY = "iPhone Developer";
				COPY_PHASE_STRIP = NO;
				DEBUG_INFORMATION_FORMAT = "dwarf-with-dsym";
				ENABLE_NS_ASSERTIONS = NO;
				ENABLE_STRICT_OBJC_MSGSEND = YES;
				GCC_C_LANGUAGE_STANDARD = gnu11;
				GCC_NO_COMMON_BLOCKS = YES;
				GCC_WARN_64_TO_32_BIT_CONVERSION = YES;
				GCC_WARN_ABOUT_RETURN_TYPE = YES_ERROR;
				GCC_WARN_UNDECLARED_SELECTOR = YES;
				GCC_WARN_UNINITIALIZED_AUTOS = YES_AGGRESSIVE;
				GCC_WARN_UNUSED_FUNCTION = YES;
				GCC_WARN_UNUSED_VARIABLE = YES;
				IPHONEOS_DEPLOYMENT_TARGET = 11.2;
				MTL_ENABLE_DEBUG_INFO = NO;
				SDKROOT = iphoneos;
				SWIFT_OPTIMIZATION_LEVEL = "-Owholemodule";
				VALIDATE_PRODUCT = YES;
			};
			name = Release;
		};
		281DDEC22043C83000BBD8DD /* Debug */ = {
			isa = XCBuildConfiguration;
			baseConfigurationReference = 8BC7D307839AE50919127137 /* Pods-ParseChat.debug.xcconfig */;
			buildSettings = {
				ASSETCATALOG_COMPILER_APPICON_NAME = AppIcon;
				CODE_SIGN_STYLE = Automatic;
				INFOPLIST_FILE = ParseChat/Info.plist;
				LD_RUNPATH_SEARCH_PATHS = "$(inherited) @executable_path/Frameworks";
				PRODUCT_BUNDLE_IDENTIFIER = com.codepath.ParseChat;
				PRODUCT_NAME = "$(TARGET_NAME)";
				SWIFT_VERSION = 4.0;
				TARGETED_DEVICE_FAMILY = "1,2";
			};
			name = Debug;
		};
		281DDEC32043C83000BBD8DD /* Release */ = {
			isa = XCBuildConfiguration;
			baseConfigurationReference = F762E6C3B1310B96C4A2DE05 /* Pods-ParseChat.release.xcconfig */;
			buildSettings = {
				ASSETCATALOG_COMPILER_APPICON_NAME = AppIcon;
				CODE_SIGN_STYLE = Automatic;
				INFOPLIST_FILE = ParseChat/Info.plist;
				LD_RUNPATH_SEARCH_PATHS = "$(inherited) @executable_path/Frameworks";
				PRODUCT_BUNDLE_IDENTIFIER = com.codepath.ParseChat;
				PRODUCT_NAME = "$(TARGET_NAME)";
				SWIFT_VERSION = 4.0;
				TARGETED_DEVICE_FAMILY = "1,2";
			};
			name = Release;
		};
		281DDEC52043C83000BBD8DD /* Debug */ = {
			isa = XCBuildConfiguration;
			baseConfigurationReference = 8232C6DA5D95B7FBA0FA6714 /* Pods-ParseChatTests.debug.xcconfig */;
			buildSettings = {
				ALWAYS_EMBED_SWIFT_STANDARD_LIBRARIES = YES;
				BUNDLE_LOADER = "$(TEST_HOST)";
				CODE_SIGN_STYLE = Automatic;
				INFOPLIST_FILE = ParseChatTests/Info.plist;
				LD_RUNPATH_SEARCH_PATHS = "$(inherited) @executable_path/Frameworks @loader_path/Frameworks";
				PRODUCT_BUNDLE_IDENTIFIER = com.codepath.ParseChatTests;
				PRODUCT_NAME = "$(TARGET_NAME)";
				SWIFT_VERSION = 4.0;
				TARGETED_DEVICE_FAMILY = "1,2";
				TEST_HOST = "$(BUILT_PRODUCTS_DIR)/ParseChat.app/ParseChat";
			};
			name = Debug;
		};
		281DDEC62043C83000BBD8DD /* Release */ = {
			isa = XCBuildConfiguration;
			baseConfigurationReference = EFD0D2221149F638C483EF88 /* Pods-ParseChatTests.release.xcconfig */;
			buildSettings = {
				ALWAYS_EMBED_SWIFT_STANDARD_LIBRARIES = YES;
				BUNDLE_LOADER = "$(TEST_HOST)";
				CODE_SIGN_STYLE = Automatic;
				INFOPLIST_FILE = ParseChatTests/Info.plist;
				LD_RUNPATH_SEARCH_PATHS = "$(inherited) @executable_path/Frameworks @loader_path/Frameworks";
				PRODUCT_BUNDLE_IDENTIFIER = com.codepath.ParseChatTests;
				PRODUCT_NAME = "$(TARGET_NAME)";
				SWIFT_VERSION = 4.0;
				TARGETED_DEVICE_FAMILY = "1,2";
				TEST_HOST = "$(BUILT_PRODUCTS_DIR)/ParseChat.app/ParseChat";
			};
			name = Release;
		};
		281DDEC82043C83000BBD8DD /* Debug */ = {
			isa = XCBuildConfiguration;
			baseConfigurationReference = 572496599D8A788722718B75 /* Pods-ParseChatUITests.debug.xcconfig */;
			buildSettings = {
				ALWAYS_EMBED_SWIFT_STANDARD_LIBRARIES = YES;
				CODE_SIGN_STYLE = Automatic;
				INFOPLIST_FILE = ParseChatUITests/Info.plist;
				LD_RUNPATH_SEARCH_PATHS = "$(inherited) @executable_path/Frameworks @loader_path/Frameworks";
				PRODUCT_BUNDLE_IDENTIFIER = com.codepath.ParseChatUITests;
				PRODUCT_NAME = "$(TARGET_NAME)";
				SWIFT_VERSION = 4.0;
				TARGETED_DEVICE_FAMILY = "1,2";
				TEST_TARGET_NAME = ParseChat;
			};
			name = Debug;
		};
		281DDEC92043C83000BBD8DD /* Release */ = {
			isa = XCBuildConfiguration;
			baseConfigurationReference = F6A61CB426A223CEC218E235 /* Pods-ParseChatUITests.release.xcconfig */;
			buildSettings = {
				ALWAYS_EMBED_SWIFT_STANDARD_LIBRARIES = YES;
				CODE_SIGN_STYLE = Automatic;
				INFOPLIST_FILE = ParseChatUITests/Info.plist;
				LD_RUNPATH_SEARCH_PATHS = "$(inherited) @executable_path/Frameworks @loader_path/Frameworks";
				PRODUCT_BUNDLE_IDENTIFIER = com.codepath.ParseChatUITests;
				PRODUCT_NAME = "$(TARGET_NAME)";
				SWIFT_VERSION = 4.0;
				TARGETED_DEVICE_FAMILY = "1,2";
				TEST_TARGET_NAME = ParseChat;
			};
			name = Release;
		};
/* End XCBuildConfiguration section */

/* Begin XCConfigurationList section */
		281DDE942043C83000BBD8DD /* Build configuration list for PBXProject "ParseChat" */ = {
			isa = XCConfigurationList;
			buildConfigurations = (
				281DDEBF2043C83000BBD8DD /* Debug */,
				281DDEC02043C83000BBD8DD /* Release */,
			);
			defaultConfigurationIsVisible = 0;
			defaultConfigurationName = Release;
		};
		281DDEC12043C83000BBD8DD /* Build configuration list for PBXNativeTarget "ParseChat" */ = {
			isa = XCConfigurationList;
			buildConfigurations = (
				281DDEC22043C83000BBD8DD /* Debug */,
				281DDEC32043C83000BBD8DD /* Release */,
			);
			defaultConfigurationIsVisible = 0;
			defaultConfigurationName = Release;
		};
		281DDEC42043C83000BBD8DD /* Build configuration list for PBXNativeTarget "ParseChatTests" */ = {
			isa = XCConfigurationList;
			buildConfigurations = (
				281DDEC52043C83000BBD8DD /* Debug */,
				281DDEC62043C83000BBD8DD /* Release */,
			);
			defaultConfigurationIsVisible = 0;
			defaultConfigurationName = Release;
		};
		281DDEC72043C83000BBD8DD /* Build configuration list for PBXNativeTarget "ParseChatUITests" */ = {
			isa = XCConfigurationList;
			buildConfigurations = (
				281DDEC82043C83000BBD8DD /* Debug */,
				281DDEC92043C83000BBD8DD /* Release */,
			);
			defaultConfigurationIsVisible = 0;
			defaultConfigurationName = Release;
		};
/* End XCConfigurationList section */
	};
	rootObject = 281DDE912043C83000BBD8DD /* Project object */;
}
