// !$*UTF8*$!
{
	archiveVersion = 1;
	classes = {
	};
	objectVersion = 48;
	objects = {

/* Begin PBXBuildFile section */
		281DDE602043BEAA00BBD8DD /* AppDelegate.swift in Sources */ = {isa = PBXBuildFile; fileRef = 281DDE5F2043BEAA00BBD8DD /* AppDelegate.swift */; };
		281DDE622043BEAA00BBD8DD /* ViewController.swift in Sources */ = {isa = PBXBuildFile; fileRef = 281DDE612043BEAA00BBD8DD /* ViewController.swift */; };
		281DDE652043BEAA00BBD8DD /* Main.storyboard in Resources */ = {isa = PBXBuildFile; fileRef = 281DDE632043BEAA00BBD8DD /* Main.storyboard */; };
		281DDE672043BEAA00BBD8DD /* Assets.xcassets in Resources */ = {isa = PBXBuildFile; fileRef = 281DDE662043BEAA00BBD8DD /* Assets.xcassets */; };
		281DDE6A2043BEAA00BBD8DD /* LaunchScreen.storyboard in Resources */ = {isa = PBXBuildFile; fileRef = 281DDE682043BEAA00BBD8DD /* LaunchScreen.storyboard */; };
		281DDE752043BEAA00BBD8DD /* ParseChatTests.swift in Sources */ = {isa = PBXBuildFile; fileRef = 281DDE742043BEAA00BBD8DD /* ParseChatTests.swift */; };
		281DDE802043BEAA00BBD8DD /* ParseChatUITests.swift in Sources */ = {isa = PBXBuildFile; fileRef = 281DDE7F2043BEAA00BBD8DD /* ParseChatUITests.swift */; };
/* End PBXBuildFile section */

/* Begin PBXContainerItemProxy section */
		281DDE712043BEAA00BBD8DD /* PBXContainerItemProxy */ = {
			isa = PBXContainerItemProxy;
			containerPortal = 281DDE542043BEAA00BBD8DD /* Project object */;
			proxyType = 1;
			remoteGlobalIDString = 281DDE5B2043BEAA00BBD8DD;
			remoteInfo = ParseChat;
		};
		281DDE7C2043BEAA00BBD8DD /* PBXContainerItemProxy */ = {
			isa = PBXContainerItemProxy;
			containerPortal = 281DDE542043BEAA00BBD8DD /* Project object */;
			proxyType = 1;
			remoteGlobalIDString = 281DDE5B2043BEAA00BBD8DD;
			remoteInfo = ParseChat;
		};
/* End PBXContainerItemProxy section */

/* Begin PBXFileReference section */
		281DDE5C2043BEAA00BBD8DD /* ParseChat.app */ = {isa = PBXFileReference; explicitFileType = wrapper.application; includeInIndex = 0; path = ParseChat.app; sourceTree = BUILT_PRODUCTS_DIR; };
		281DDE5F2043BEAA00BBD8DD /* AppDelegate.swift */ = {isa = PBXFileReference; lastKnownFileType = sourcecode.swift; path = AppDelegate.swift; sourceTree = "<group>"; };
		281DDE612043BEAA00BBD8DD /* ViewController.swift */ = {isa = PBXFileReference; lastKnownFileType = sourcecode.swift; path = ViewController.swift; sourceTree = "<group>"; };
		281DDE642043BEAA00BBD8DD /* Base */ = {isa = PBXFileReference; lastKnownFileType = file.storyboard; name = Base; path = Base.lproj/Main.storyboard; sourceTree = "<group>"; };
		281DDE662043BEAA00BBD8DD /* Assets.xcassets */ = {isa = PBXFileReference; lastKnownFileType = folder.assetcatalog; path = Assets.xcassets; sourceTree = "<group>"; };
		281DDE692043BEAA00BBD8DD /* Base */ = {isa = PBXFileReference; lastKnownFileType = file.storyboard; name = Base; path = Base.lproj/LaunchScreen.storyboard; sourceTree = "<group>"; };
		281DDE6B2043BEAA00BBD8DD /* Info.plist */ = {isa = PBXFileReference; lastKnownFileType = text.plist.xml; path = Info.plist; sourceTree = "<group>"; };
		281DDE702043BEAA00BBD8DD /* ParseChatTests.xctest */ = {isa = PBXFileReference; explicitFileType = wrapper.cfbundle; includeInIndex = 0; path = ParseChatTests.xctest; sourceTree = BUILT_PRODUCTS_DIR; };
		281DDE742043BEAA00BBD8DD /* ParseChatTests.swift */ = {isa = PBXFileReference; lastKnownFileType = sourcecode.swift; path = ParseChatTests.swift; sourceTree = "<group>"; };
		281DDE762043BEAA00BBD8DD /* Info.plist */ = {isa = PBXFileReference; lastKnownFileType = text.plist.xml; path = Info.plist; sourceTree = "<group>"; };
		281DDE7B2043BEAA00BBD8DD /* ParseChatUITests.xctest */ = {isa = PBXFileReference; explicitFileType = wrapper.cfbundle; includeInIndex = 0; path = ParseChatUITests.xctest; sourceTree = BUILT_PRODUCTS_DIR; };
		281DDE7F2043BEAA00BBD8DD /* ParseChatUITests.swift */ = {isa = PBXFileReference; lastKnownFileType = sourcecode.swift; path = ParseChatUITests.swift; sourceTree = "<group>"; };
		281DDE812043BEAA00BBD8DD /* Info.plist */ = {isa = PBXFileReference; lastKnownFileType = text.plist.xml; path = Info.plist; sourceTree = "<group>"; };
/* End PBXFileReference section */

/* Begin PBXFrameworksBuildPhase section */
		281DDE592043BEAA00BBD8DD /* Frameworks */ = {
			isa = PBXFrameworksBuildPhase;
			buildActionMask = 2147483647;
			files = (
			);
			runOnlyForDeploymentPostprocessing = 0;
		};
		281DDE6D2043BEAA00BBD8DD /* Frameworks */ = {
			isa = PBXFrameworksBuildPhase;
			buildActionMask = 2147483647;
			files = (
			);
			runOnlyForDeploymentPostprocessing = 0;
		};
		281DDE782043BEAA00BBD8DD /* Frameworks */ = {
			isa = PBXFrameworksBuildPhase;
			buildActionMask = 2147483647;
			files = (
			);
			runOnlyForDeploymentPostprocessing = 0;
		};
/* End PBXFrameworksBuildPhase section */

/* Begin PBXGroup section */
		281DDE532043BEAA00BBD8DD = {
			isa = PBXGroup;
			children = (
				281DDE5E2043BEAA00BBD8DD /* ParseChat */,
				281DDE732043BEAA00BBD8DD /* ParseChatTests */,
				281DDE7E2043BEAA00BBD8DD /* ParseChatUITests */,
				281DDE5D2043BEAA00BBD8DD /* Products */,
			);
			sourceTree = "<group>";
		};
		281DDE5D2043BEAA00BBD8DD /* Products */ = {
			isa = PBXGroup;
			children = (
				281DDE5C2043BEAA00BBD8DD /* ParseChat.app */,
				281DDE702043BEAA00BBD8DD /* ParseChatTests.xctest */,
				281DDE7B2043BEAA00BBD8DD /* ParseChatUITests.xctest */,
			);
			name = Products;
			sourceTree = "<group>";
		};
		281DDE5E2043BEAA00BBD8DD /* ParseChat */ = {
			isa = PBXGroup;
			children = (
				281DDE5F2043BEAA00BBD8DD /* AppDelegate.swift */,
				281DDE612043BEAA00BBD8DD /* ViewController.swift */,
				281DDE632043BEAA00BBD8DD /* Main.storyboard */,
				281DDE662043BEAA00BBD8DD /* Assets.xcassets */,
				281DDE682043BEAA00BBD8DD /* LaunchScreen.storyboard */,
				281DDE6B2043BEAA00BBD8DD /* Info.plist */,
			);
			path = ParseChat;
			sourceTree = "<group>";
		};
		281DDE732043BEAA00BBD8DD /* ParseChatTests */ = {
			isa = PBXGroup;
			children = (
				281DDE742043BEAA00BBD8DD /* ParseChatTests.swift */,
				281DDE762043BEAA00BBD8DD /* Info.plist */,
			);
			path = ParseChatTests;
			sourceTree = "<group>";
		};
		281DDE7E2043BEAA00BBD8DD /* ParseChatUITests */ = {
			isa = PBXGroup;
			children = (
				281DDE7F2043BEAA00BBD8DD /* ParseChatUITests.swift */,
				281DDE812043BEAA00BBD8DD /* Info.plist */,
			);
			path = ParseChatUITests;
			sourceTree = "<group>";
		};
/* End PBXGroup section */

/* Begin PBXNativeTarget section */
		281DDE5B2043BEAA00BBD8DD /* ParseChat */ = {
			isa = PBXNativeTarget;
			buildConfigurationList = 281DDE842043BEAA00BBD8DD /* Build configuration list for PBXNativeTarget "ParseChat" */;
			buildPhases = (
				281DDE582043BEAA00BBD8DD /* Sources */,
				281DDE592043BEAA00BBD8DD /* Frameworks */,
				281DDE5A2043BEAA00BBD8DD /* Resources */,
			);
			buildRules = (
			);
			dependencies = (
			);
			name = ParseChat;
			productName = ParseChat;
			productReference = 281DDE5C2043BEAA00BBD8DD /* ParseChat.app */;
			productType = "com.apple.product-type.application";
		};
		281DDE6F2043BEAA00BBD8DD /* ParseChatTests */ = {
			isa = PBXNativeTarget;
			buildConfigurationList = 281DDE872043BEAA00BBD8DD /* Build configuration list for PBXNativeTarget "ParseChatTests" */;
			buildPhases = (
				281DDE6C2043BEAA00BBD8DD /* Sources */,
				281DDE6D2043BEAA00BBD8DD /* Frameworks */,
				281DDE6E2043BEAA00BBD8DD /* Resources */,
			);
			buildRules = (
			);
			dependencies = (
				281DDE722043BEAA00BBD8DD /* PBXTargetDependency */,
			);
			name = ParseChatTests;
			productName = ParseChatTests;
			productReference = 281DDE702043BEAA00BBD8DD /* ParseChatTests.xctest */;
			productType = "com.apple.product-type.bundle.unit-test";
		};
		281DDE7A2043BEAA00BBD8DD /* ParseChatUITests */ = {
			isa = PBXNativeTarget;
			buildConfigurationList = 281DDE8A2043BEAA00BBD8DD /* Build configuration list for PBXNativeTarget "ParseChatUITests" */;
			buildPhases = (
				281DDE772043BEAA00BBD8DD /* Sources */,
				281DDE782043BEAA00BBD8DD /* Frameworks */,
				281DDE792043BEAA00BBD8DD /* Resources */,
			);
			buildRules = (
			);
			dependencies = (
				281DDE7D2043BEAA00BBD8DD /* PBXTargetDependency */,
			);
			name = ParseChatUITests;
			productName = ParseChatUITests;
			productReference = 281DDE7B2043BEAA00BBD8DD /* ParseChatUITests.xctest */;
			productType = "com.apple.product-type.bundle.ui-testing";
		};
/* End PBXNativeTarget section */

/* Begin PBXProject section */
		281DDE542043BEAA00BBD8DD /* Project object */ = {
			isa = PBXProject;
			attributes = {
				LastSwiftUpdateCheck = 0920;
				LastUpgradeCheck = 0920;
				ORGANIZATIONNAME = "Nicole Hipolito";
				TargetAttributes = {
					281DDE5B2043BEAA00BBD8DD = {
						CreatedOnToolsVersion = 9.2;
						ProvisioningStyle = Automatic;
					};
					281DDE6F2043BEAA00BBD8DD = {
						CreatedOnToolsVersion = 9.2;
						ProvisioningStyle = Automatic;
						TestTargetID = 281DDE5B2043BEAA00BBD8DD;
					};
					281DDE7A2043BEAA00BBD8DD = {
						CreatedOnToolsVersion = 9.2;
						ProvisioningStyle = Automatic;
						TestTargetID = 281DDE5B2043BEAA00BBD8DD;
					};
				};
			};
			buildConfigurationList = 281DDE572043BEAA00BBD8DD /* Build configuration list for PBXProject "ParseChat" */;
			compatibilityVersion = "Xcode 8.0";
			developmentRegion = en;
			hasScannedForEncodings = 0;
			knownRegions = (
				en,
				Base,
			);
			mainGroup = 281DDE532043BEAA00BBD8DD;
			productRefGroup = 281DDE5D2043BEAA00BBD8DD /* Products */;
			projectDirPath = "";
			projectRoot = "";
			targets = (
				281DDE5B2043BEAA00BBD8DD /* ParseChat */,
				281DDE6F2043BEAA00BBD8DD /* ParseChatTests */,
				281DDE7A2043BEAA00BBD8DD /* ParseChatUITests */,
			);
		};
/* End PBXProject section */

/* Begin PBXResourcesBuildPhase section */
		281DDE5A2043BEAA00BBD8DD /* Resources */ = {
			isa = PBXResourcesBuildPhase;
			buildActionMask = 2147483647;
			files = (
				281DDE6A2043BEAA00BBD8DD /* LaunchScreen.storyboard in Resources */,
				281DDE672043BEAA00BBD8DD /* Assets.xcassets in Resources */,
				281DDE652043BEAA00BBD8DD /* Main.storyboard in Resources */,
			);
			runOnlyForDeploymentPostprocessing = 0;
		};
		281DDE6E2043BEAA00BBD8DD /* Resources */ = {
			isa = PBXResourcesBuildPhase;
			buildActionMask = 2147483647;
			files = (
			);
			runOnlyForDeploymentPostprocessing = 0;
		};
		281DDE792043BEAA00BBD8DD /* Resources */ = {
			isa = PBXResourcesBuildPhase;
			buildActionMask = 2147483647;
			files = (
			);
			runOnlyForDeploymentPostprocessing = 0;
		};
/* End PBXResourcesBuildPhase section */

/* Begin PBXSourcesBuildPhase section */
		281DDE582043BEAA00BBD8DD /* Sources */ = {
			isa = PBXSourcesBuildPhase;
			buildActionMask = 2147483647;
			files = (
				281DDE622043BEAA00BBD8DD /* ViewController.swift in Sources */,
				281DDE602043BEAA00BBD8DD /* AppDelegate.swift in Sources */,
			);
			runOnlyForDeploymentPostprocessing = 0;
		};
		281DDE6C2043BEAA00BBD8DD /* Sources */ = {
			isa = PBXSourcesBuildPhase;
			buildActionMask = 2147483647;
			files = (
				281DDE752043BEAA00BBD8DD /* ParseChatTests.swift in Sources */,
			);
			runOnlyForDeploymentPostprocessing = 0;
		};
		281DDE772043BEAA00BBD8DD /* Sources */ = {
			isa = PBXSourcesBuildPhase;
			buildActionMask = 2147483647;
			files = (
				281DDE802043BEAA00BBD8DD /* ParseChatUITests.swift in Sources */,
			);
			runOnlyForDeploymentPostprocessing = 0;
		};
/* End PBXSourcesBuildPhase section */

/* Begin PBXTargetDependency section */
		281DDE722043BEAA00BBD8DD /* PBXTargetDependency */ = {
			isa = PBXTargetDependency;
			target = 281DDE5B2043BEAA00BBD8DD /* ParseChat */;
			targetProxy = 281DDE712043BEAA00BBD8DD /* PBXContainerItemProxy */;
		};
		281DDE7D2043BEAA00BBD8DD /* PBXTargetDependency */ = {
			isa = PBXTargetDependency;
			target = 281DDE5B2043BEAA00BBD8DD /* ParseChat */;
			targetProxy = 281DDE7C2043BEAA00BBD8DD /* PBXContainerItemProxy */;
		};
/* End PBXTargetDependency section */

/* Begin PBXVariantGroup section */
		281DDE632043BEAA00BBD8DD /* Main.storyboard */ = {
			isa = PBXVariantGroup;
			children = (
				281DDE642043BEAA00BBD8DD /* Base */,
			);
			name = Main.storyboard;
			sourceTree = "<group>";
		};
		281DDE682043BEAA00BBD8DD /* LaunchScreen.storyboard */ = {
			isa = PBXVariantGroup;
			children = (
				281DDE692043BEAA00BBD8DD /* Base */,
			);
			name = LaunchScreen.storyboard;
			sourceTree = "<group>";
		};
/* End PBXVariantGroup section */

/* Begin XCBuildConfiguration section */
		281DDE822043BEAA00BBD8DD /* Debug */ = {
			isa = XCBuildConfiguration;
			buildSettings = {
				ALWAYS_SEARCH_USER_PATHS = NO;
				CLANG_ANALYZER_NONNULL = YES;
				CLANG_ANALYZER_NUMBER_OBJECT_CONVERSION = YES_AGGRESSIVE;
				CLANG_CXX_LANGUAGE_STANDARD = "gnu++14";
				CLANG_CXX_LIBRARY = "libc++";
				CLANG_ENABLE_MODULES = YES;
				CLANG_ENABLE_OBJC_ARC = YES;
				CLANG_WARN_BLOCK_CAPTURE_AUTORELEASING = YES;
				CLANG_WARN_BOOL_CONVERSION = YES;
				CLANG_WARN_COMMA = YES;
				CLANG_WARN_CONSTANT_CONVERSION = YES;
				CLANG_WARN_DIRECT_OBJC_ISA_USAGE = YES_ERROR;
				CLANG_WARN_DOCUMENTATION_COMMENTS = YES;
				CLANG_WARN_EMPTY_BODY = YES;
				CLANG_WARN_ENUM_CONVERSION = YES;
				CLANG_WARN_INFINITE_RECURSION = YES;
				CLANG_WARN_INT_CONVERSION = YES;
				CLANG_WARN_NON_LITERAL_NULL_CONVERSION = YES;
				CLANG_WARN_OBJC_LITERAL_CONVERSION = YES;
				CLANG_WARN_OBJC_ROOT_CLASS = YES_ERROR;
				CLANG_WARN_RANGE_LOOP_ANALYSIS = YES;
				CLANG_WARN_STRICT_PROTOTYPES = YES;
				CLANG_WARN_SUSPICIOUS_MOVE = YES;
				CLANG_WARN_UNGUARDED_AVAILABILITY = YES_AGGRESSIVE;
				CLANG_WARN_UNREACHABLE_CODE = YES;
				CLANG_WARN__DUPLICATE_METHOD_MATCH = YES;
				CODE_SIGN_IDENTITY = "iPhone Developer";
				COPY_PHASE_STRIP = NO;
				DEBUG_INFORMATION_FORMAT = dwarf;
				ENABLE_STRICT_OBJC_MSGSEND = YES;
				ENABLE_TESTABILITY = YES;
				GCC_C_LANGUAGE_STANDARD = gnu11;
				GCC_DYNAMIC_NO_PIC = NO;
				GCC_NO_COMMON_BLOCKS = YES;
				GCC_OPTIMIZATION_LEVEL = 0;
				GCC_PREPROCESSOR_DEFINITIONS = (
					"DEBUG=1",
					"$(inherited)",
				);
				GCC_WARN_64_TO_32_BIT_CONVERSION = YES;
				GCC_WARN_ABOUT_RETURN_TYPE = YES_ERROR;
				GCC_WARN_UNDECLARED_SELECTOR = YES;
				GCC_WARN_UNINITIALIZED_AUTOS = YES_AGGRESSIVE;
				GCC_WARN_UNUSED_FUNCTION = YES;
				GCC_WARN_UNUSED_VARIABLE = YES;
				IPHONEOS_DEPLOYMENT_TARGET = 11.2;
				MTL_ENABLE_DEBUG_INFO = YES;
				ONLY_ACTIVE_ARCH = YES;
				SDKROOT = iphoneos;
				SWIFT_ACTIVE_COMPILATION_CONDITIONS = DEBUG;
				SWIFT_OPTIMIZATION_LEVEL = "-Onone";
			};
			name = Debug;
		};
		281DDE832043BEAA00BBD8DD /* Release */ = {
			isa = XCBuildConfiguration;
			buildSettings = {
				ALWAYS_SEARCH_USER_PATHS = NO;
				CLANG_ANALYZER_NONNULL = YES;
				CLANG_ANALYZER_NUMBER_OBJECT_CONVERSION = YES_AGGRESSIVE;
				CLANG_CXX_LANGUAGE_STANDARD = "gnu++14";
				CLANG_CXX_LIBRARY = "libc++";
				CLANG_ENABLE_MODULES = YES;
				CLANG_ENABLE_OBJC_ARC = YES;
				CLANG_WARN_BLOCK_CAPTURE_AUTORELEASING = YES;
				CLANG_WARN_BOOL_CONVERSION = YES;
				CLANG_WARN_COMMA = YES;
				CLANG_WARN_CONSTANT_CONVERSION = YES;
				CLANG_WARN_DIRECT_OBJC_ISA_USAGE = YES_ERROR;
				CLANG_WARN_DOCUMENTATION_COMMENTS = YES;
				CLANG_WARN_EMPTY_BODY = YES;
				CLANG_WARN_ENUM_CONVERSION = YES;
				CLANG_WARN_INFINITE_RECURSION = YES;
				CLANG_WARN_INT_CONVERSION = YES;
				CLANG_WARN_NON_LITERAL_NULL_CONVERSION = YES;
				CLANG_WARN_OBJC_LITERAL_CONVERSION = YES;
				CLANG_WARN_OBJC_ROOT_CLASS = YES_ERROR;
				CLANG_WARN_RANGE_LOOP_ANALYSIS = YES;
				CLANG_WARN_STRICT_PROTOTYPES = YES;
				CLANG_WARN_SUSPICIOUS_MOVE = YES;
				CLANG_WARN_UNGUARDED_AVAILABILITY = YES_AGGRESSIVE;
				CLANG_WARN_UNREACHABLE_CODE = YES;
				CLANG_WARN__DUPLICATE_METHOD_MATCH = YES;
				CODE_SIGN_IDENTITY = "iPhone Developer";
				COPY_PHASE_STRIP = NO;
				DEBUG_INFORMATION_FORMAT = "dwarf-with-dsym";
				ENABLE_NS_ASSERTIONS = NO;
				ENABLE_STRICT_OBJC_MSGSEND = YES;
				GCC_C_LANGUAGE_STANDARD = gnu11;
				GCC_NO_COMMON_BLOCKS = YES;
				GCC_WARN_64_TO_32_BIT_CONVERSION = YES;
				GCC_WARN_ABOUT_RETURN_TYPE = YES_ERROR;
				GCC_WARN_UNDECLARED_SELECTOR = YES;
				GCC_WARN_UNINITIALIZED_AUTOS = YES_AGGRESSIVE;
				GCC_WARN_UNUSED_FUNCTION = YES;
				GCC_WARN_UNUSED_VARIABLE = YES;
				IPHONEOS_DEPLOYMENT_TARGET = 11.2;
				MTL_ENABLE_DEBUG_INFO = NO;
				SDKROOT = iphoneos;
				SWIFT_OPTIMIZATION_LEVEL = "-Owholemodule";
				VALIDATE_PRODUCT = YES;
			};
			name = Release;
		};
		281DDE852043BEAA00BBD8DD /* Debug */ = {
			isa = XCBuildConfiguration;
			buildSettings = {
				ASSETCATALOG_COMPILER_APPICON_NAME = AppIcon;
				CODE_SIGN_STYLE = Automatic;
				INFOPLIST_FILE = ParseChat/Info.plist;
				LD_RUNPATH_SEARCH_PATHS = "$(inherited) @executable_path/Frameworks";
				PRODUCT_BUNDLE_IDENTIFIER = com.codepath.ParseChat;
				PRODUCT_NAME = "$(TARGET_NAME)";
				SWIFT_VERSION = 4.0;
				TARGETED_DEVICE_FAMILY = "1,2";
			};
			name = Debug;
		};
		281DDE862043BEAA00BBD8DD /* Release */ = {
			isa = XCBuildConfiguration;
			buildSettings = {
				ASSETCATALOG_COMPILER_APPICON_NAME = AppIcon;
				CODE_SIGN_STYLE = Automatic;
				INFOPLIST_FILE = ParseChat/Info.plist;
				LD_RUNPATH_SEARCH_PATHS = "$(inherited) @executable_path/Frameworks";
				PRODUCT_BUNDLE_IDENTIFIER = com.codepath.ParseChat;
				PRODUCT_NAME = "$(TARGET_NAME)";
				SWIFT_VERSION = 4.0;
				TARGETED_DEVICE_FAMILY = "1,2";
			};
			name = Release;
		};
		281DDE882043BEAA00BBD8DD /* Debug */ = {
			isa = XCBuildConfiguration;
			buildSettings = {
				ALWAYS_EMBED_SWIFT_STANDARD_LIBRARIES = YES;
				BUNDLE_LOADER = "$(TEST_HOST)";
				CODE_SIGN_STYLE = Automatic;
				INFOPLIST_FILE = ParseChatTests/Info.plist;
				LD_RUNPATH_SEARCH_PATHS = "$(inherited) @executable_path/Frameworks @loader_path/Frameworks";
				PRODUCT_BUNDLE_IDENTIFIER = com.codepath.ParseChatTests;
				PRODUCT_NAME = "$(TARGET_NAME)";
				SWIFT_VERSION = 4.0;
				TARGETED_DEVICE_FAMILY = "1,2";
				TEST_HOST = "$(BUILT_PRODUCTS_DIR)/ParseChat.app/ParseChat";
			};
			name = Debug;
		};
		281DDE892043BEAA00BBD8DD /* Release */ = {
			isa = XCBuildConfiguration;
			buildSettings = {
				ALWAYS_EMBED_SWIFT_STANDARD_LIBRARIES = YES;
				BUNDLE_LOADER = "$(TEST_HOST)";
				CODE_SIGN_STYLE = Automatic;
				INFOPLIST_FILE = ParseChatTests/Info.plist;
				LD_RUNPATH_SEARCH_PATHS = "$(inherited) @executable_path/Frameworks @loader_path/Frameworks";
				PRODUCT_BUNDLE_IDENTIFIER = com.codepath.ParseChatTests;
				PRODUCT_NAME = "$(TARGET_NAME)";
				SWIFT_VERSION = 4.0;
				TARGETED_DEVICE_FAMILY = "1,2";
				TEST_HOST = "$(BUILT_PRODUCTS_DIR)/ParseChat.app/ParseChat";
			};
			name = Release;
		};
		281DDE8B2043BEAA00BBD8DD /* Debug */ = {
			isa = XCBuildConfiguration;
			buildSettings = {
				ALWAYS_EMBED_SWIFT_STANDARD_LIBRARIES = YES;
				CODE_SIGN_STYLE = Automatic;
				INFOPLIST_FILE = ParseChatUITests/Info.plist;
				LD_RUNPATH_SEARCH_PATHS = "$(inherited) @executable_path/Frameworks @loader_path/Frameworks";
				PRODUCT_BUNDLE_IDENTIFIER = com.codepath.ParseChatUITests;
				PRODUCT_NAME = "$(TARGET_NAME)";
				SWIFT_VERSION = 4.0;
				TARGETED_DEVICE_FAMILY = "1,2";
				TEST_TARGET_NAME = ParseChat;
			};
			name = Debug;
		};
		281DDE8C2043BEAA00BBD8DD /* Release */ = {
			isa = XCBuildConfiguration;
			buildSettings = {
				ALWAYS_EMBED_SWIFT_STANDARD_LIBRARIES = YES;
				CODE_SIGN_STYLE = Automatic;
				INFOPLIST_FILE = ParseChatUITests/Info.plist;
				LD_RUNPATH_SEARCH_PATHS = "$(inherited) @executable_path/Frameworks @loader_path/Frameworks";
				PRODUCT_BUNDLE_IDENTIFIER = com.codepath.ParseChatUITests;
				PRODUCT_NAME = "$(TARGET_NAME)";
				SWIFT_VERSION = 4.0;
				TARGETED_DEVICE_FAMILY = "1,2";
				TEST_TARGET_NAME = ParseChat;
			};
			name = Release;
		};
/* End XCBuildConfiguration section */

/* Begin XCConfigurationList section */
		281DDE572043BEAA00BBD8DD /* Build configuration list for PBXProject "ParseChat" */ = {
			isa = XCConfigurationList;
			buildConfigurations = (
				281DDE822043BEAA00BBD8DD /* Debug */,
				281DDE832043BEAA00BBD8DD /* Release */,
			);
			defaultConfigurationIsVisible = 0;
			defaultConfigurationName = Release;
		};
		281DDE842043BEAA00BBD8DD /* Build configuration list for PBXNativeTarget "ParseChat" */ = {
			isa = XCConfigurationList;
			buildConfigurations = (
				281DDE852043BEAA00BBD8DD /* Debug */,
				281DDE862043BEAA00BBD8DD /* Release */,
			);
			defaultConfigurationIsVisible = 0;
			defaultConfigurationName = Release;
		};
		281DDE872043BEAA00BBD8DD /* Build configuration list for PBXNativeTarget "ParseChatTests" */ = {
			isa = XCConfigurationList;
			buildConfigurations = (
				281DDE882043BEAA00BBD8DD /* Debug */,
				281DDE892043BEAA00BBD8DD /* Release */,
			);
			defaultConfigurationIsVisible = 0;
			defaultConfigurationName = Release;
		};
		281DDE8A2043BEAA00BBD8DD /* Build configuration list for PBXNativeTarget "ParseChatUITests" */ = {
			isa = XCConfigurationList;
			buildConfigurations = (
				281DDE8B2043BEAA00BBD8DD /* Debug */,
				281DDE8C2043BEAA00BBD8DD /* Release */,
			);
			defaultConfigurationIsVisible = 0;
			defaultConfigurationName = Release;
		};
/* End XCConfigurationList section */
	};
	rootObject = 281DDE542043BEAA00BBD8DD /* Project object */;
}
